
Microsoft Visual Studio Solution File, Format Version 12.00
# Visual Studio Version 16
VisualStudioVersion = 16.0.30717.126
MinimumVisualStudioVersion = 10.0.40219.1
Project("{FAE04EC0-301F-11D3-BF4B-00C04F79EFBC}") = "FruitCalculator", "FruitCalculator\FruitCalculator.csproj", "{7023477F-638A-406C-8481-BC37F0880028}"
EndProject
Project("{FAE04EC0-301F-11D3-BF4B-00C04F79EFBC}") = "FruitCalculator.Tests", "FruitCalculator.Tests\FruitCalculator.Tests.csproj", "{858A8183-115B-4A99-A4E8-2E8329B8AAFB}"
EndProject
Global
	GlobalSection(SolutionConfigurationPlatforms) = preSolution
		Debug|Any CPU = Debug|Any CPU
		Release|Any CPU = Release|Any CPU
	EndGlobalSection
	GlobalSection(ProjectConfigurationPlatforms) = postSolution
		{7023477F-638A-406C-8481-BC37F0880028}.Debug|Any CPU.ActiveCfg = Debug|Any CPU
		{7023477F-638A-406C-8481-BC37F0880028}.Debug|Any CPU.Build.0 = Debug|Any CPU
		{7023477F-638A-406C-8481-BC37F0880028}.Release|Any CPU.ActiveCfg = Release|Any CPU
		{7023477F-638A-406C-8481-BC37F0880028}.Release|Any CPU.Build.0 = Release|Any CPU
		{858A8183-115B-4A99-A4E8-2E8329B8AAFB}.Debug|Any CPU.ActiveCfg = Debug|Any CPU
		{858A8183-115B-4A99-A4E8-2E8329B8AAFB}.Debug|Any CPU.Build.0 = Debug|Any CPU
		{858A8183-115B-4A99-A4E8-2E8329B8AAFB}.Release|Any CPU.ActiveCfg = Release|Any CPU
		{858A8183-115B-4A99-A4E8-2E8329B8AAFB}.Release|Any CPU.Build.0 = Release|Any CPU
	EndGlobalSection
	GlobalSection(SolutionProperties) = preSolution
		HideSolutionNode = FALSE
	EndGlobalSection
	GlobalSection(ExtensibilityGlobals) = postSolution
		SolutionGuid = {90EC2A5F-BAF8-4709-9539-21303637945D}
	EndGlobalSection
EndGlobal
